// !$*UTF8*$!
{
	archiveVersion = 1;
	classes = {
	};
	objectVersion = 50;
	objects = {

/* Begin PBXBuildFile section */
		799A4C0F2491317B00CBAFF8 /* AppDelegate.swift in Sources */ = {isa = PBXBuildFile; fileRef = 799A4C0E2491317B00CBAFF8 /* AppDelegate.swift */; };
		799A4C112491317B00CBAFF8 /* SceneDelegate.swift in Sources */ = {isa = PBXBuildFile; fileRef = 799A4C102491317B00CBAFF8 /* SceneDelegate.swift */; };
		799A4C132491317B00CBAFF8 /* NewsTableViewController.swift in Sources */ = {isa = PBXBuildFile; fileRef = 799A4C122491317B00CBAFF8 /* NewsTableViewController.swift */; };
		799A4C162491317B00CBAFF8 /* Main.storyboard in Resources */ = {isa = PBXBuildFile; fileRef = 799A4C142491317B00CBAFF8 /* Main.storyboard */; };
		799A4C182491317E00CBAFF8 /* Assets.xcassets in Resources */ = {isa = PBXBuildFile; fileRef = 799A4C172491317E00CBAFF8 /* Assets.xcassets */; };
		799A4C1B2491317E00CBAFF8 /* LaunchScreen.storyboard in Resources */ = {isa = PBXBuildFile; fileRef = 799A4C192491317E00CBAFF8 /* LaunchScreen.storyboard */; };
		799A4C23249132DB00CBAFF8 /* NewsTableViewCell.swift in Sources */ = {isa = PBXBuildFile; fileRef = 799A4C22249132DB00CBAFF8 /* NewsTableViewCell.swift */; };
		799A4C25249132F600CBAFF8 /* XMLParcer.swift in Sources */ = {isa = PBXBuildFile; fileRef = 799A4C24249132F600CBAFF8 /* XMLParcer.swift */; };
		799A4C2724913A0300CBAFF8 /* ArticleViewController.swift in Sources */ = {isa = PBXBuildFile; fileRef = 799A4C2624913A0300CBAFF8 /* ArticleViewController.swift */; };
/* End PBXBuildFile section */

/* Begin PBXFileReference section */
		799A4C0B2491317B00CBAFF8 /* VestiRu.app */ = {isa = PBXFileReference; explicitFileType = wrapper.application; includeInIndex = 0; path = VestiRu.app; sourceTree = BUILT_PRODUCTS_DIR; };
		799A4C0E2491317B00CBAFF8 /* AppDelegate.swift */ = {isa = PBXFileReference; lastKnownFileType = sourcecode.swift; path = AppDelegate.swift; sourceTree = "<group>"; };
		799A4C102491317B00CBAFF8 /* SceneDelegate.swift */ = {isa = PBXFileReference; lastKnownFileType = sourcecode.swift; path = SceneDelegate.swift; sourceTree = "<group>"; };
		799A4C122491317B00CBAFF8 /* NewsTableViewController.swift */ = {isa = PBXFileReference; lastKnownFileType = sourcecode.swift; path = NewsTableViewController.swift; sourceTree = "<group>"; };
		799A4C152491317B00CBAFF8 /* Base */ = {isa = PBXFileReference; lastKnownFileType = file.storyboard; name = Base; path = Base.lproj/Main.storyboard; sourceTree = "<group>"; };
		799A4C172491317E00CBAFF8 /* Assets.xcassets */ = {isa = PBXFileReference; lastKnownFileType = folder.assetcatalog; path = Assets.xcassets; sourceTree = "<group>"; };
		799A4C1A2491317E00CBAFF8 /* Base */ = {isa = PBXFileReference; lastKnownFileType = file.storyboard; name = Base; path = Base.lproj/LaunchScreen.storyboard; sourceTree = "<group>"; };
		799A4C1C2491317E00CBAFF8 /* Info.plist */ = {isa = PBXFileReference; lastKnownFileType = text.plist.xml; path = Info.plist; sourceTree = "<group>"; };
		799A4C22249132DB00CBAFF8 /* NewsTableViewCell.swift */ = {isa = PBXFileReference; lastKnownFileType = sourcecode.swift; path = NewsTableViewCell.swift; sourceTree = "<group>"; };
		799A4C24249132F600CBAFF8 /* XMLParcer.swift */ = {isa = PBXFileReference; lastKnownFileType = sourcecode.swift; path = XMLParcer.swift; sourceTree = "<group>"; };
		799A4C2624913A0300CBAFF8 /* ArticleViewController.swift */ = {isa = PBXFileReference; lastKnownFileType = sourcecode.swift; path = ArticleViewController.swift; sourceTree = "<group>"; };
/* End PBXFileReference section */

/* Begin PBXFrameworksBuildPhase section */
		799A4C082491317B00CBAFF8 /* Frameworks */ = {
			isa = PBXFrameworksBuildPhase;
			buildActionMask = 2147483647;
			files = (
			);
			runOnlyForDeploymentPostprocessing = 0;
		};
/* End PBXFrameworksBuildPhase section */

/* Begin PBXGroup section */
		799A4C022491317B00CBAFF8 = {
			isa = PBXGroup;
			children = (
				799A4C0D2491317B00CBAFF8 /* VestiRu */,
				799A4C0C2491317B00CBAFF8 /* Products */,
			);
			sourceTree = "<group>";
		};
		799A4C0C2491317B00CBAFF8 /* Products */ = {
			isa = PBXGroup;
			children = (
				799A4C0B2491317B00CBAFF8 /* VestiRu.app */,
			);
			name = Products;
			sourceTree = "<group>";
		};
		799A4C0D2491317B00CBAFF8 /* VestiRu */ = {
			isa = PBXGroup;
			children = (
				799A4C28249235F000CBAFF8 /* AppAndSceneDelegates */,
				799A4C5C249808FB00CBAFF8 /* Controller */,
				799A4C5D249812EC00CBAFF8 /* Model */,
				799A4C5B249808EC00CBAFF8 /* View */,
				799A4C172491317E00CBAFF8 /* Assets.xcassets */,
				799A4C192491317E00CBAFF8 /* LaunchScreen.storyboard */,
				799A4C1C2491317E00CBAFF8 /* Info.plist */,
			);
			path = VestiRu;
			sourceTree = "<group>";
		};
		799A4C28249235F000CBAFF8 /* AppAndSceneDelegates */ = {
			isa = PBXGroup;
			children = (
				799A4C0E2491317B00CBAFF8 /* AppDelegate.swift */,
				799A4C102491317B00CBAFF8 /* SceneDelegate.swift */,
			);
			path = AppAndSceneDelegates;
			sourceTree = "<group>";
		};
		799A4C5B249808EC00CBAFF8 /* View */ = {
			isa = PBXGroup;
			children = (
				799A4C142491317B00CBAFF8 /* Main.storyboard */,
			);
			path = View;
			sourceTree = "<group>";
		};
		799A4C5C249808FB00CBAFF8 /* Controller */ = {
			isa = PBXGroup;
			children = (
				799A4C122491317B00CBAFF8 /* NewsTableViewController.swift */,
				799A4C2624913A0300CBAFF8 /* ArticleViewController.swift */,
				799A4C22249132DB00CBAFF8 /* NewsTableViewCell.swift */,
			);
			path = Controller;
			sourceTree = "<group>";
		};
		799A4C5D249812EC00CBAFF8 /* Model */ = {
			isa = PBXGroup;
			children = (
				799A4C24249132F600CBAFF8 /* XMLParcer.swift */,
			);
			path = Model;
			sourceTree = "<group>";
		};
/* End PBXGroup section */

/* Begin PBXNativeTarget section */
		799A4C0A2491317B00CBAFF8 /* VestiRu */ = {
			isa = PBXNativeTarget;
			buildConfigurationList = 799A4C1F2491317E00CBAFF8 /* Build configuration list for PBXNativeTarget "VestiRu" */;
			buildPhases = (
				799A4C072491317B00CBAFF8 /* Sources */,
				799A4C082491317B00CBAFF8 /* Frameworks */,
				799A4C092491317B00CBAFF8 /* Resources */,
			);
			buildRules = (
			);
			dependencies = (
			);
			name = VestiRu;
			productName = VestiRu;
			productReference = 799A4C0B2491317B00CBAFF8 /* VestiRu.app */;
			productType = "com.apple.product-type.application";
		};
/* End PBXNativeTarget section */

/* Begin PBXProject section */
		799A4C032491317B00CBAFF8 /* Project object */ = {
			isa = PBXProject;
			attributes = {
				LastSwiftUpdateCheck = 1150;
				LastUpgradeCheck = 1150;
				ORGANIZATIONNAME = "Marina Svistkova";
				TargetAttributes = {
					799A4C0A2491317B00CBAFF8 = {
						CreatedOnToolsVersion = 11.5;
					};
				};
			};
			buildConfigurationList = 799A4C062491317B00CBAFF8 /* Build configuration list for PBXProject "VestiRu" */;
			compatibilityVersion = "Xcode 9.3";
			developmentRegion = en;
			hasScannedForEncodings = 0;
			knownRegions = (
				en,
				Base,
			);
			mainGroup = 799A4C022491317B00CBAFF8;
			productRefGroup = 799A4C0C2491317B00CBAFF8 /* Products */;
			projectDirPath = "";
			projectRoot = "";
			targets = (
				799A4C0A2491317B00CBAFF8 /* VestiRu */,
			);
		};
/* End PBXProject section */

/* Begin PBXResourcesBuildPhase section */
		799A4C092491317B00CBAFF8 /* Resources */ = {
			isa = PBXResourcesBuildPhase;
			buildActionMask = 2147483647;
			files = (
				799A4C1B2491317E00CBAFF8 /* LaunchScreen.storyboard in Resources */,
				799A4C182491317E00CBAFF8 /* Assets.xcassets in Resources */,
				799A4C162491317B00CBAFF8 /* Main.storyboard in Resources */,
			);
			runOnlyForDeploymentPostprocessing = 0;
		};
/* End PBXResourcesBuildPhase section */

/* Begin PBXSourcesBuildPhase section */
		799A4C072491317B00CBAFF8 /* Sources */ = {
			isa = PBXSourcesBuildPhase;
			buildActionMask = 2147483647;
			files = (
				799A4C132491317B00CBAFF8 /* NewsTableViewController.swift in Sources */,
				799A4C2724913A0300CBAFF8 /* ArticleViewController.swift in Sources */,
				799A4C25249132F600CBAFF8 /* XMLParcer.swift in Sources */,
				799A4C0F2491317B00CBAFF8 /* AppDelegate.swift in Sources */,
				799A4C23249132DB00CBAFF8 /* NewsTableViewCell.swift in Sources */,
				799A4C112491317B00CBAFF8 /* SceneDelegate.swift in Sources */,
			);
			runOnlyForDeploymentPostprocessing = 0;
		};
/* End PBXSourcesBuildPhase section */

/* Begin PBXVariantGroup section */
		799A4C142491317B00CBAFF8 /* Main.storyboard */ = {
			isa = PBXVariantGroup;
			children = (
				799A4C152491317B00CBAFF8 /* Base */,
			);
			name = Main.storyboard;
			sourceTree = "<group>";
		};
		799A4C192491317E00CBAFF8 /* LaunchScreen.storyboard */ = {
			isa = PBXVariantGroup;
			children = (
				799A4C1A2491317E00CBAFF8 /* Base */,
			);
			name = LaunchScreen.storyboard;
			sourceTree = "<group>";
		};
/* End PBXVariantGroup section */

/* Begin XCBuildConfiguration section */
		799A4C1D2491317E00CBAFF8 /* Debug */ = {
			isa = XCBuildConfiguration;
			buildSettings = {
				ALWAYS_SEARCH_USER_PATHS = NO;
				CLANG_ANALYZER_NONNULL = YES;
				CLANG_ANALYZER_NUMBER_OBJECT_CONVERSION = YES_AGGRESSIVE;
				CLANG_CXX_LANGUAGE_STANDARD = "gnu++14";
				CLANG_CXX_LIBRARY = "libc++";
				CLANG_ENABLE_MODULES = YES;
				CLANG_ENABLE_OBJC_ARC = YES;
				CLANG_ENABLE_OBJC_WEAK = YES;
				CLANG_WARN_BLOCK_CAPTURE_AUTORELEASING = YES;
				CLANG_WARN_BOOL_CONVERSION = YES;
				CLANG_WARN_COMMA = YES;
				CLANG_WARN_CONSTANT_CONVERSION = YES;
				CLANG_WARN_DEPRECATED_OBJC_IMPLEMENTATIONS = YES;
				CLANG_WARN_DIRECT_OBJC_ISA_USAGE = YES_ERROR;
				CLANG_WARN_DOCUMENTATION_COMMENTS = YES;
				CLANG_WARN_EMPTY_BODY = YES;
				CLANG_WARN_ENUM_CONVERSION = YES;
				CLANG_WARN_INFINITE_RECURSION = YES;
				CLANG_WARN_INT_CONVERSION = YES;
				CLANG_WARN_NON_LITERAL_NULL_CONVERSION = YES;
				CLANG_WARN_OBJC_IMPLICIT_RETAIN_SELF = YES;
				CLANG_WARN_OBJC_LITERAL_CONVERSION = YES;
				CLANG_WARN_OBJC_ROOT_CLASS = YES_ERROR;
				CLANG_WARN_RANGE_LOOP_ANALYSIS = YES;
				CLANG_WARN_STRICT_PROTOTYPES = YES;
				CLANG_WARN_SUSPICIOUS_MOVE = YES;
				CLANG_WARN_UNGUARDED_AVAILABILITY = YES_AGGRESSIVE;
				CLANG_WARN_UNREACHABLE_CODE = YES;
				CLANG_WARN__DUPLICATE_METHOD_MATCH = YES;
				COPY_PHASE_STRIP = NO;
				DEBUG_INFORMATION_FORMAT = dwarf;
				ENABLE_STRICT_OBJC_MSGSEND = YES;
				ENABLE_TESTABILITY = YES;
				GCC_C_LANGUAGE_STANDARD = gnu11;
				GCC_DYNAMIC_NO_PIC = NO;
				GCC_NO_COMMON_BLOCKS = YES;
				GCC_OPTIMIZATION_LEVEL = 0;
				GCC_PREPROCESSOR_DEFINITIONS = (
					"DEBUG=1",
					"$(inherited)",
				);
				GCC_WARN_64_TO_32_BIT_CONVERSION = YES;
				GCC_WARN_ABOUT_RETURN_TYPE = YES_ERROR;
				GCC_WARN_UNDECLARED_SELECTOR = YES;
				GCC_WARN_UNINITIALIZED_AUTOS = YES_AGGRESSIVE;
				GCC_WARN_UNUSED_FUNCTION = YES;
				GCC_WARN_UNUSED_VARIABLE = YES;
				IPHONEOS_DEPLOYMENT_TARGET = 13.5;
				MTL_ENABLE_DEBUG_INFO = INCLUDE_SOURCE;
				MTL_FAST_MATH = YES;
				ONLY_ACTIVE_ARCH = YES;
				SDKROOT = iphoneos;
				SWIFT_ACTIVE_COMPILATION_CONDITIONS = DEBUG;
				SWIFT_OPTIMIZATION_LEVEL = "-Onone";
			};
			name = Debug;
		};
		799A4C1E2491317E00CBAFF8 /* Release */ = {
			isa = XCBuildConfiguration;
			buildSettings = {
				ALWAYS_SEARCH_USER_PATHS = NO;
				CLANG_ANALYZER_NONNULL = YES;
				CLANG_ANALYZER_NUMBER_OBJECT_CONVERSION = YES_AGGRESSIVE;
				CLANG_CXX_LANGUAGE_STANDARD = "gnu++14";
				CLANG_CXX_LIBRARY = "libc++";
				CLANG_ENABLE_MODULES = YES;
				CLANG_ENABLE_OBJC_ARC = YES;
				CLANG_ENABLE_OBJC_WEAK = YES;
				CLANG_WARN_BLOCK_CAPTURE_AUTORELEASING = YES;
				CLANG_WARN_BOOL_CONVERSION = YES;
				CLANG_WARN_COMMA = YES;
				CLANG_WARN_CONSTANT_CONVERSION = YES;
				CLANG_WARN_DEPRECATED_OBJC_IMPLEMENTATIONS = YES;
				CLANG_WARN_DIRECT_OBJC_ISA_USAGE = YES_ERROR;
				CLANG_WARN_DOCUMENTATION_COMMENTS = YES;
				CLANG_WARN_EMPTY_BODY = YES;
				CLANG_WARN_ENUM_CONVERSION = YES;
				CLANG_WARN_INFINITE_RECURSION = YES;
				CLANG_WARN_INT_CONVERSION = YES;
				CLANG_WARN_NON_LITERAL_NULL_CONVERSION = YES;
				CLANG_WARN_OBJC_IMPLICIT_RETAIN_SELF = YES;
				CLANG_WARN_OBJC_LITERAL_CONVERSION = YES;
				CLANG_WARN_OBJC_ROOT_CLASS = YES_ERROR;
				CLANG_WARN_RANGE_LOOP_ANALYSIS = YES;
				CLANG_WARN_STRICT_PROTOTYPES = YES;
				CLANG_WARN_SUSPICIOUS_MOVE = YES;
				CLANG_WARN_UNGUARDED_AVAILABILITY = YES_AGGRESSIVE;
				CLANG_WARN_UNREACHABLE_CODE = YES;
				CLANG_WARN__DUPLICATE_METHOD_MATCH = YES;
				COPY_PHASE_STRIP = NO;
				DEBUG_INFORMATION_FORMAT = "dwarf-with-dsym";
				ENABLE_NS_ASSERTIONS = NO;
				ENABLE_STRICT_OBJC_MSGSEND = YES;
				GCC_C_LANGUAGE_STANDARD = gnu11;
				GCC_NO_COMMON_BLOCKS = YES;
				GCC_WARN_64_TO_32_BIT_CONVERSION = YES;
				GCC_WARN_ABOUT_RETURN_TYPE = YES_ERROR;
				GCC_WARN_UNDECLARED_SELECTOR = YES;
				GCC_WARN_UNINITIALIZED_AUTOS = YES_AGGRESSIVE;
				GCC_WARN_UNUSED_FUNCTION = YES;
				GCC_WARN_UNUSED_VARIABLE = YES;
				IPHONEOS_DEPLOYMENT_TARGET = 13.5;
				MTL_ENABLE_DEBUG_INFO = NO;
				MTL_FAST_MATH = YES;
				SDKROOT = iphoneos;
				SWIFT_COMPILATION_MODE = wholemodule;
				SWIFT_OPTIMIZATION_LEVEL = "-O";
				VALIDATE_PRODUCT = YES;
			};
			name = Release;
		};
		799A4C202491317E00CBAFF8 /* Debug */ = {
			isa = XCBuildConfiguration;
			buildSettings = {
				ASSETCATALOG_COMPILER_APPICON_NAME = AppIcon;
				CODE_SIGN_IDENTITY = "Apple Development";
				CODE_SIGN_STYLE = Automatic;
				DEVELOPMENT_TEAM = 88V5XWL377;
				INFOPLIST_FILE = VestiRu/Info.plist;
				IPHONEOS_DEPLOYMENT_TARGET = 13.4;
				LD_MAP_FILE_PATH = "";
				LD_RUNPATH_SEARCH_PATHS = (
					"$(inherited)",
					"@executable_path/Frameworks",
				);
				PRODUCT_BUNDLE_IDENTIFIER = com.marinasvistkova.VestiRu;
				PRODUCT_NAME = "$(TARGET_NAME)";
				SWIFT_VERSION = 5.0;
				TARGETED_DEVICE_FAMILY = "1,2";
			};
			name = Debug;
		};
		799A4C212491317E00CBAFF8 /* Release */ = {
			isa = XCBuildConfiguration;
			buildSettings = {
				ASSETCATALOG_COMPILER_APPICON_NAME = AppIcon;
				CODE_SIGN_IDENTITY = "Apple Development";
				CODE_SIGN_STYLE = Automatic;
				DEVELOPMENT_TEAM = 88V5XWL377;
				INFOPLIST_FILE = VestiRu/Info.plist;
				IPHONEOS_DEPLOYMENT_TARGET = 13.4;
				LD_MAP_FILE_PATH = "$(TARGET_TEMP_DIR)/$(PRODUCT_NAME)-LinkMap-$(CURRENT_VARIANT)-$(CURRENT_ARCH).txt";
				LD_RUNPATH_SEARCH_PATHS = (
					"$(inherited)",
					"@executable_path/Frameworks",
				);
				PRODUCT_BUNDLE_IDENTIFIER = com.marinasvistkova.VestiRu;
				PRODUCT_NAME = "$(TARGET_NAME)";
				SWIFT_VERSION = 5.0;
				TARGETED_DEVICE_FAMILY = "1,2";
			};
			name = Release;
		};
/* End XCBuildConfiguration section */

/* Begin XCConfigurationList section */
		799A4C062491317B00CBAFF8 /* Build configuration list for PBXProject "VestiRu" */ = {
			isa = XCConfigurationList;
			buildConfigurations = (
				799A4C1D2491317E00CBAFF8 /* Debug */,
				799A4C1E2491317E00CBAFF8 /* Release */,
			);
			defaultConfigurationIsVisible = 0;
			defaultConfigurationName = Release;
		};
		799A4C1F2491317E00CBAFF8 /* Build configuration list for PBXNativeTarget "VestiRu" */ = {
			isa = XCConfigurationList;
			buildConfigurations = (
				799A4C202491317E00CBAFF8 /* Debug */,
				799A4C212491317E00CBAFF8 /* Release */,
			);
			defaultConfigurationIsVisible = 0;
			defaultConfigurationName = Release;
		};
/* End XCConfigurationList section */
	};
	rootObject = 799A4C032491317B00CBAFF8 /* Project object */;
}
